// !$*UTF8*$!
{
	archiveVersion = 1;
	classes = {
	};
	objectVersion = 50;
	objects = {

/* Begin PBXBuildFile section */
		C0195CAF23E3C5DF0012B97F /* AppDelegate.swift in Sources */ = {isa = PBXBuildFile; fileRef = C0195CAE23E3C5DF0012B97F /* AppDelegate.swift */; };
		C0195CB123E3C5DF0012B97F /* SceneDelegate.swift in Sources */ = {isa = PBXBuildFile; fileRef = C0195CB023E3C5DF0012B97F /* SceneDelegate.swift */; };
		C0195CB323E3C5DF0012B97F /* ContentView.swift in Sources */ = {isa = PBXBuildFile; fileRef = C0195CB223E3C5DF0012B97F /* ContentView.swift */; };
		C0195CB523E3C5E00012B97F /* Assets.xcassets in Resources */ = {isa = PBXBuildFile; fileRef = C0195CB423E3C5E00012B97F /* Assets.xcassets */; };
		C0195CB823E3C5E00012B97F /* Preview Assets.xcassets in Resources */ = {isa = PBXBuildFile; fileRef = C0195CB723E3C5E00012B97F /* Preview Assets.xcassets */; };
		C0195CBB23E3C5E00012B97F /* LaunchScreen.storyboard in Resources */ = {isa = PBXBuildFile; fileRef = C0195CB923E3C5E00012B97F /* LaunchScreen.storyboard */; };
		C0195CC623E3C5E00012B97F /* WatchLandmarksTests.swift in Sources */ = {isa = PBXBuildFile; fileRef = C0195CC523E3C5E00012B97F /* WatchLandmarksTests.swift */; };
		C0195CD123E3C5E00012B97F /* WatchLandmarksUITests.swift in Sources */ = {isa = PBXBuildFile; fileRef = C0195CD023E3C5E00012B97F /* WatchLandmarksUITests.swift */; };
		C0195CD623E3C5E00012B97F /* WatchLandmarks WatchKit App.app in Embed Watch Content */ = {isa = PBXBuildFile; fileRef = C0195CD523E3C5E00012B97F /* WatchLandmarks WatchKit App.app */; settings = {ATTRIBUTES = (RemoveHeadersOnCopy, ); }; };
		C0195CDC23E3C5E00012B97F /* Interface.storyboard in Resources */ = {isa = PBXBuildFile; fileRef = C0195CDA23E3C5E00012B97F /* Interface.storyboard */; };
		C0195CDE23E3C5E00012B97F /* Assets.xcassets in Resources */ = {isa = PBXBuildFile; fileRef = C0195CDD23E3C5E00012B97F /* Assets.xcassets */; };
		C0195CE523E3C5E10012B97F /* WatchLandmarks WatchKit Extension.appex in Embed App Extensions */ = {isa = PBXBuildFile; fileRef = C0195CE423E3C5E10012B97F /* WatchLandmarks WatchKit Extension.appex */; settings = {ATTRIBUTES = (RemoveHeadersOnCopy, ); }; };
		C0195CEA23E3C5E10012B97F /* ContentView.swift in Sources */ = {isa = PBXBuildFile; fileRef = C0195CE923E3C5E10012B97F /* ContentView.swift */; };
		C0195CEC23E3C5E10012B97F /* HostingController.swift in Sources */ = {isa = PBXBuildFile; fileRef = C0195CEB23E3C5E10012B97F /* HostingController.swift */; };
		C0195CEE23E3C5E10012B97F /* ExtensionDelegate.swift in Sources */ = {isa = PBXBuildFile; fileRef = C0195CED23E3C5E10012B97F /* ExtensionDelegate.swift */; };
		C0195CF023E3C5E10012B97F /* NotificationController.swift in Sources */ = {isa = PBXBuildFile; fileRef = C0195CEF23E3C5E10012B97F /* NotificationController.swift */; };
		C0195CF223E3C5E10012B97F /* NotificationView.swift in Sources */ = {isa = PBXBuildFile; fileRef = C0195CF123E3C5E10012B97F /* NotificationView.swift */; };
		C0195CF423E3C5E10012B97F /* ComplicationController.swift in Sources */ = {isa = PBXBuildFile; fileRef = C0195CF323E3C5E10012B97F /* ComplicationController.swift */; };
		C0195CF623E3C5E10012B97F /* Assets.xcassets in Resources */ = {isa = PBXBuildFile; fileRef = C0195CF523E3C5E10012B97F /* Assets.xcassets */; };
		C0195CF923E3C5E10012B97F /* Preview Assets.xcassets in Resources */ = {isa = PBXBuildFile; fileRef = C0195CF823E3C5E10012B97F /* Preview Assets.xcassets */; };
		C0195D1523E3C6120012B97F /* Interface.storyboard in Resources */ = {isa = PBXBuildFile; fileRef = C0195D1323E3C6120012B97F /* Interface.storyboard */; };
		C0195D1723E3C6120012B97F /* Assets.xcassets in Resources */ = {isa = PBXBuildFile; fileRef = C0195D1623E3C6120012B97F /* Assets.xcassets */; };
		C0195D1E23E3C6120012B97F /* WatchLandmarksChild Extension.appex in Embed App Extensions */ = {isa = PBXBuildFile; fileRef = C0195D1D23E3C6120012B97F /* WatchLandmarksChild Extension.appex */; settings = {ATTRIBUTES = (RemoveHeadersOnCopy, ); }; };
		C0195D2323E3C6120012B97F /* ContentView.swift in Sources */ = {isa = PBXBuildFile; fileRef = C0195D2223E3C6120012B97F /* ContentView.swift */; };
		C0195D2523E3C6120012B97F /* HostingController.swift in Sources */ = {isa = PBXBuildFile; fileRef = C0195D2423E3C6120012B97F /* HostingController.swift */; };
		C0195D2723E3C6120012B97F /* ExtensionDelegate.swift in Sources */ = {isa = PBXBuildFile; fileRef = C0195D2623E3C6120012B97F /* ExtensionDelegate.swift */; };
		C0195D2923E3C6120012B97F /* NotificationController.swift in Sources */ = {isa = PBXBuildFile; fileRef = C0195D2823E3C6120012B97F /* NotificationController.swift */; };
		C0195D2B23E3C6120012B97F /* NotificationView.swift in Sources */ = {isa = PBXBuildFile; fileRef = C0195D2A23E3C6120012B97F /* NotificationView.swift */; };
		C0195D2D23E3C6130012B97F /* Assets.xcassets in Resources */ = {isa = PBXBuildFile; fileRef = C0195D2C23E3C6130012B97F /* Assets.xcassets */; };
		C0195D3023E3C6130012B97F /* Preview Assets.xcassets in Resources */ = {isa = PBXBuildFile; fileRef = C0195D2F23E3C6130012B97F /* Preview Assets.xcassets */; };
		C0195D3523E3C6130012B97F /* WatchLandmarksChild.app in Embed Watch Content */ = {isa = PBXBuildFile; fileRef = C0195D1123E3C6120012B97F /* WatchLandmarksChild.app */; settings = {ATTRIBUTES = (RemoveHeadersOnCopy, ); }; };
/* End PBXBuildFile section */

/* Begin PBXContainerItemProxy section */
		C0195CC223E3C5E00012B97F /* PBXContainerItemProxy */ = {
			isa = PBXContainerItemProxy;
			containerPortal = C0195CA323E3C5DF0012B97F /* Project object */;
			proxyType = 1;
			remoteGlobalIDString = C0195CAA23E3C5DF0012B97F;
			remoteInfo = WatchLandmarks;
		};
		C0195CCD23E3C5E00012B97F /* PBXContainerItemProxy */ = {
			isa = PBXContainerItemProxy;
			containerPortal = C0195CA323E3C5DF0012B97F /* Project object */;
			proxyType = 1;
			remoteGlobalIDString = C0195CAA23E3C5DF0012B97F;
			remoteInfo = WatchLandmarks;
		};
		C0195CD723E3C5E00012B97F /* PBXContainerItemProxy */ = {
			isa = PBXContainerItemProxy;
			containerPortal = C0195CA323E3C5DF0012B97F /* Project object */;
			proxyType = 1;
			remoteGlobalIDString = C0195CD423E3C5E00012B97F;
			remoteInfo = "WatchLandmarks WatchKit App";
		};
		C0195CE623E3C5E10012B97F /* PBXContainerItemProxy */ = {
			isa = PBXContainerItemProxy;
			containerPortal = C0195CA323E3C5DF0012B97F /* Project object */;
			proxyType = 1;
			remoteGlobalIDString = C0195CE323E3C5E10012B97F;
			remoteInfo = "WatchLandmarks WatchKit Extension";
		};
		C0195D1F23E3C6120012B97F /* PBXContainerItemProxy */ = {
			isa = PBXContainerItemProxy;
			containerPortal = C0195CA323E3C5DF0012B97F /* Project object */;
			proxyType = 1;
			remoteGlobalIDString = C0195D1C23E3C6120012B97F;
			remoteInfo = "WatchLandmarksChild Extension";
		};
		C0195D3323E3C6130012B97F /* PBXContainerItemProxy */ = {
			isa = PBXContainerItemProxy;
			containerPortal = C0195CA323E3C5DF0012B97F /* Project object */;
			proxyType = 1;
			remoteGlobalIDString = C0195D1023E3C6120012B97F;
			remoteInfo = WatchLandmarksChild;
		};
/* End PBXContainerItemProxy section */

/* Begin PBXCopyFilesBuildPhase section */
		C0195D0123E3C5E10012B97F /* Embed App Extensions */ = {
			isa = PBXCopyFilesBuildPhase;
			buildActionMask = 2147483647;
			dstPath = "";
			dstSubfolderSpec = 13;
			files = (
				C0195CE523E3C5E10012B97F /* WatchLandmarks WatchKit Extension.appex in Embed App Extensions */,
			);
			name = "Embed App Extensions";
			runOnlyForDeploymentPostprocessing = 0;
		};
		C0195D0523E3C5E10012B97F /* Embed Watch Content */ = {
			isa = PBXCopyFilesBuildPhase;
			buildActionMask = 2147483647;
			dstPath = "$(CONTENTS_FOLDER_PATH)/Watch";
			dstSubfolderSpec = 16;
			files = (
				C0195D3523E3C6130012B97F /* WatchLandmarksChild.app in Embed Watch Content */,
				C0195CD623E3C5E00012B97F /* WatchLandmarks WatchKit App.app in Embed Watch Content */,
			);
			name = "Embed Watch Content";
			runOnlyForDeploymentPostprocessing = 0;
		};
		C0195D3923E3C6130012B97F /* Embed App Extensions */ = {
			isa = PBXCopyFilesBuildPhase;
			buildActionMask = 2147483647;
			dstPath = "";
			dstSubfolderSpec = 13;
			files = (
				C0195D1E23E3C6120012B97F /* WatchLandmarksChild Extension.appex in Embed App Extensions */,
			);
			name = "Embed App Extensions";
			runOnlyForDeploymentPostprocessing = 0;
		};
/* End PBXCopyFilesBuildPhase section */

/* Begin PBXFileReference section */
		C0195CAB23E3C5DF0012B97F /* WatchLandmarks.app */ = {isa = PBXFileReference; explicitFileType = wrapper.application; includeInIndex = 0; path = WatchLandmarks.app; sourceTree = BUILT_PRODUCTS_DIR; };
		C0195CAE23E3C5DF0012B97F /* AppDelegate.swift */ = {isa = PBXFileReference; lastKnownFileType = sourcecode.swift; path = AppDelegate.swift; sourceTree = "<group>"; };
		C0195CB023E3C5DF0012B97F /* SceneDelegate.swift */ = {isa = PBXFileReference; lastKnownFileType = sourcecode.swift; path = SceneDelegate.swift; sourceTree = "<group>"; };
		C0195CB223E3C5DF0012B97F /* ContentView.swift */ = {isa = PBXFileReference; lastKnownFileType = sourcecode.swift; path = ContentView.swift; sourceTree = "<group>"; };
		C0195CB423E3C5E00012B97F /* Assets.xcassets */ = {isa = PBXFileReference; lastKnownFileType = folder.assetcatalog; path = Assets.xcassets; sourceTree = "<group>"; };
		C0195CB723E3C5E00012B97F /* Preview Assets.xcassets */ = {isa = PBXFileReference; lastKnownFileType = folder.assetcatalog; path = "Preview Assets.xcassets"; sourceTree = "<group>"; };
		C0195CBA23E3C5E00012B97F /* Base */ = {isa = PBXFileReference; lastKnownFileType = file.storyboard; name = Base; path = Base.lproj/LaunchScreen.storyboard; sourceTree = "<group>"; };
		C0195CBC23E3C5E00012B97F /* Info.plist */ = {isa = PBXFileReference; lastKnownFileType = text.plist.xml; path = Info.plist; sourceTree = "<group>"; };
		C0195CC123E3C5E00012B97F /* WatchLandmarksTests.xctest */ = {isa = PBXFileReference; explicitFileType = wrapper.cfbundle; includeInIndex = 0; path = WatchLandmarksTests.xctest; sourceTree = BUILT_PRODUCTS_DIR; };
		C0195CC523E3C5E00012B97F /* WatchLandmarksTests.swift */ = {isa = PBXFileReference; lastKnownFileType = sourcecode.swift; path = WatchLandmarksTests.swift; sourceTree = "<group>"; };
		C0195CC723E3C5E00012B97F /* Info.plist */ = {isa = PBXFileReference; lastKnownFileType = text.plist.xml; path = Info.plist; sourceTree = "<group>"; };
		C0195CCC23E3C5E00012B97F /* WatchLandmarksUITests.xctest */ = {isa = PBXFileReference; explicitFileType = wrapper.cfbundle; includeInIndex = 0; path = WatchLandmarksUITests.xctest; sourceTree = BUILT_PRODUCTS_DIR; };
		C0195CD023E3C5E00012B97F /* WatchLandmarksUITests.swift */ = {isa = PBXFileReference; lastKnownFileType = sourcecode.swift; path = WatchLandmarksUITests.swift; sourceTree = "<group>"; };
		C0195CD223E3C5E00012B97F /* Info.plist */ = {isa = PBXFileReference; lastKnownFileType = text.plist.xml; path = Info.plist; sourceTree = "<group>"; };
		C0195CD523E3C5E00012B97F /* WatchLandmarks WatchKit App.app */ = {isa = PBXFileReference; explicitFileType = wrapper.application; includeInIndex = 0; path = "WatchLandmarks WatchKit App.app"; sourceTree = BUILT_PRODUCTS_DIR; };
		C0195CDB23E3C5E00012B97F /* Base */ = {isa = PBXFileReference; lastKnownFileType = file.storyboard; name = Base; path = Base.lproj/Interface.storyboard; sourceTree = "<group>"; };
		C0195CDD23E3C5E00012B97F /* Assets.xcassets */ = {isa = PBXFileReference; lastKnownFileType = folder.assetcatalog; path = Assets.xcassets; sourceTree = "<group>"; };
		C0195CDF23E3C5E00012B97F /* Info.plist */ = {isa = PBXFileReference; lastKnownFileType = text.plist.xml; path = Info.plist; sourceTree = "<group>"; };
		C0195CE423E3C5E10012B97F /* WatchLandmarks WatchKit Extension.appex */ = {isa = PBXFileReference; explicitFileType = "wrapper.app-extension"; includeInIndex = 0; path = "WatchLandmarks WatchKit Extension.appex"; sourceTree = BUILT_PRODUCTS_DIR; };
		C0195CE923E3C5E10012B97F /* ContentView.swift */ = {isa = PBXFileReference; lastKnownFileType = sourcecode.swift; path = ContentView.swift; sourceTree = "<group>"; };
		C0195CEB23E3C5E10012B97F /* HostingController.swift */ = {isa = PBXFileReference; lastKnownFileType = sourcecode.swift; path = HostingController.swift; sourceTree = "<group>"; };
		C0195CED23E3C5E10012B97F /* ExtensionDelegate.swift */ = {isa = PBXFileReference; lastKnownFileType = sourcecode.swift; path = ExtensionDelegate.swift; sourceTree = "<group>"; };
		C0195CEF23E3C5E10012B97F /* NotificationController.swift */ = {isa = PBXFileReference; lastKnownFileType = sourcecode.swift; path = NotificationController.swift; sourceTree = "<group>"; };
		C0195CF123E3C5E10012B97F /* NotificationView.swift */ = {isa = PBXFileReference; lastKnownFileType = sourcecode.swift; path = NotificationView.swift; sourceTree = "<group>"; };
		C0195CF323E3C5E10012B97F /* ComplicationController.swift */ = {isa = PBXFileReference; lastKnownFileType = sourcecode.swift; path = ComplicationController.swift; sourceTree = "<group>"; };
		C0195CF523E3C5E10012B97F /* Assets.xcassets */ = {isa = PBXFileReference; lastKnownFileType = folder.assetcatalog; path = Assets.xcassets; sourceTree = "<group>"; };
		C0195CF823E3C5E10012B97F /* Preview Assets.xcassets */ = {isa = PBXFileReference; lastKnownFileType = folder.assetcatalog; path = "Preview Assets.xcassets"; sourceTree = "<group>"; };
		C0195CFA23E3C5E10012B97F /* Info.plist */ = {isa = PBXFileReference; lastKnownFileType = text.plist.xml; path = Info.plist; sourceTree = "<group>"; };
		C0195CFB23E3C5E10012B97F /* PushNotificationPayload.apns */ = {isa = PBXFileReference; lastKnownFileType = text; path = PushNotificationPayload.apns; sourceTree = "<group>"; };
		C0195D1123E3C6120012B97F /* WatchLandmarksChild.app */ = {isa = PBXFileReference; explicitFileType = wrapper.application; includeInIndex = 0; path = WatchLandmarksChild.app; sourceTree = BUILT_PRODUCTS_DIR; };
		C0195D1423E3C6120012B97F /* Base */ = {isa = PBXFileReference; lastKnownFileType = file.storyboard; name = Base; path = Base.lproj/Interface.storyboard; sourceTree = "<group>"; };
		C0195D1623E3C6120012B97F /* Assets.xcassets */ = {isa = PBXFileReference; lastKnownFileType = folder.assetcatalog; path = Assets.xcassets; sourceTree = "<group>"; };
		C0195D1823E3C6120012B97F /* Info.plist */ = {isa = PBXFileReference; lastKnownFileType = text.plist.xml; path = Info.plist; sourceTree = "<group>"; };
		C0195D1D23E3C6120012B97F /* WatchLandmarksChild Extension.appex */ = {isa = PBXFileReference; explicitFileType = "wrapper.app-extension"; includeInIndex = 0; path = "WatchLandmarksChild Extension.appex"; sourceTree = BUILT_PRODUCTS_DIR; };
		C0195D2223E3C6120012B97F /* ContentView.swift */ = {isa = PBXFileReference; lastKnownFileType = sourcecode.swift; path = ContentView.swift; sourceTree = "<group>"; };
		C0195D2423E3C6120012B97F /* HostingController.swift */ = {isa = PBXFileReference; lastKnownFileType = sourcecode.swift; path = HostingController.swift; sourceTree = "<group>"; };
		C0195D2623E3C6120012B97F /* ExtensionDelegate.swift */ = {isa = PBXFileReference; lastKnownFileType = sourcecode.swift; path = ExtensionDelegate.swift; sourceTree = "<group>"; };
		C0195D2823E3C6120012B97F /* NotificationController.swift */ = {isa = PBXFileReference; lastKnownFileType = sourcecode.swift; path = NotificationController.swift; sourceTree = "<group>"; };
		C0195D2A23E3C6120012B97F /* NotificationView.swift */ = {isa = PBXFileReference; lastKnownFileType = sourcecode.swift; path = NotificationView.swift; sourceTree = "<group>"; };
		C0195D2C23E3C6130012B97F /* Assets.xcassets */ = {isa = PBXFileReference; lastKnownFileType = folder.assetcatalog; path = Assets.xcassets; sourceTree = "<group>"; };
		C0195D2F23E3C6130012B97F /* Preview Assets.xcassets */ = {isa = PBXFileReference; lastKnownFileType = folder.assetcatalog; path = "Preview Assets.xcassets"; sourceTree = "<group>"; };
		C0195D3123E3C6130012B97F /* Info.plist */ = {isa = PBXFileReference; lastKnownFileType = text.plist.xml; path = Info.plist; sourceTree = "<group>"; };
		C0195D3223E3C6130012B97F /* PushNotificationPayload.apns */ = {isa = PBXFileReference; lastKnownFileType = text; path = PushNotificationPayload.apns; sourceTree = "<group>"; };
/* End PBXFileReference section */

/* Begin PBXFrameworksBuildPhase section */
		C0195CA823E3C5DF0012B97F /* Frameworks */ = {
			isa = PBXFrameworksBuildPhase;
			buildActionMask = 2147483647;
			files = (
			);
			runOnlyForDeploymentPostprocessing = 0;
		};
		C0195CBE23E3C5E00012B97F /* Frameworks */ = {
			isa = PBXFrameworksBuildPhase;
			buildActionMask = 2147483647;
			files = (
			);
			runOnlyForDeploymentPostprocessing = 0;
		};
		C0195CC923E3C5E00012B97F /* Frameworks */ = {
			isa = PBXFrameworksBuildPhase;
			buildActionMask = 2147483647;
			files = (
			);
			runOnlyForDeploymentPostprocessing = 0;
		};
		C0195CE123E3C5E10012B97F /* Frameworks */ = {
			isa = PBXFrameworksBuildPhase;
			buildActionMask = 2147483647;
			files = (
			);
			runOnlyForDeploymentPostprocessing = 0;
		};
		C0195D1A23E3C6120012B97F /* Frameworks */ = {
			isa = PBXFrameworksBuildPhase;
			buildActionMask = 2147483647;
			files = (
			);
			runOnlyForDeploymentPostprocessing = 0;
		};
/* End PBXFrameworksBuildPhase section */

/* Begin PBXGroup section */
		C0195CA223E3C5DF0012B97F = {
			isa = PBXGroup;
			children = (
				C0195CAD23E3C5DF0012B97F /* WatchLandmarks */,
				C0195CC423E3C5E00012B97F /* WatchLandmarksTests */,
				C0195CCF23E3C5E00012B97F /* WatchLandmarksUITests */,
				C0195CD923E3C5E00012B97F /* WatchLandmarks WatchKit App */,
				C0195CE823E3C5E10012B97F /* WatchLandmarks WatchKit Extension */,
				C0195D1223E3C6120012B97F /* WatchLandmarksChild */,
				C0195D2123E3C6120012B97F /* WatchLandmarksChild Extension */,
				C0195CAC23E3C5DF0012B97F /* Products */,
			);
			sourceTree = "<group>";
		};
		C0195CAC23E3C5DF0012B97F /* Products */ = {
			isa = PBXGroup;
			children = (
				C0195CAB23E3C5DF0012B97F /* WatchLandmarks.app */,
				C0195CC123E3C5E00012B97F /* WatchLandmarksTests.xctest */,
				C0195CCC23E3C5E00012B97F /* WatchLandmarksUITests.xctest */,
				C0195CD523E3C5E00012B97F /* WatchLandmarks WatchKit App.app */,
				C0195CE423E3C5E10012B97F /* WatchLandmarks WatchKit Extension.appex */,
				C0195D1123E3C6120012B97F /* WatchLandmarksChild.app */,
				C0195D1D23E3C6120012B97F /* WatchLandmarksChild Extension.appex */,
			);
			name = Products;
			sourceTree = "<group>";
		};
		C0195CAD23E3C5DF0012B97F /* WatchLandmarks */ = {
			isa = PBXGroup;
			children = (
				C0195CAE23E3C5DF0012B97F /* AppDelegate.swift */,
				C0195CB023E3C5DF0012B97F /* SceneDelegate.swift */,
				C0195CB223E3C5DF0012B97F /* ContentView.swift */,
				C0195CB423E3C5E00012B97F /* Assets.xcassets */,
				C0195CB923E3C5E00012B97F /* LaunchScreen.storyboard */,
				C0195CBC23E3C5E00012B97F /* Info.plist */,
				C0195CB623E3C5E00012B97F /* Preview Content */,
			);
			path = WatchLandmarks;
			sourceTree = "<group>";
		};
		C0195CB623E3C5E00012B97F /* Preview Content */ = {
			isa = PBXGroup;
			children = (
				C0195CB723E3C5E00012B97F /* Preview Assets.xcassets */,
			);
			path = "Preview Content";
			sourceTree = "<group>";
		};
		C0195CC423E3C5E00012B97F /* WatchLandmarksTests */ = {
			isa = PBXGroup;
			children = (
				C0195CC523E3C5E00012B97F /* WatchLandmarksTests.swift */,
				C0195CC723E3C5E00012B97F /* Info.plist */,
			);
			path = WatchLandmarksTests;
			sourceTree = "<group>";
		};
		C0195CCF23E3C5E00012B97F /* WatchLandmarksUITests */ = {
			isa = PBXGroup;
			children = (
				C0195CD023E3C5E00012B97F /* WatchLandmarksUITests.swift */,
				C0195CD223E3C5E00012B97F /* Info.plist */,
			);
			path = WatchLandmarksUITests;
			sourceTree = "<group>";
		};
		C0195CD923E3C5E00012B97F /* WatchLandmarks WatchKit App */ = {
			isa = PBXGroup;
			children = (
				C0195CDA23E3C5E00012B97F /* Interface.storyboard */,
				C0195CDD23E3C5E00012B97F /* Assets.xcassets */,
				C0195CDF23E3C5E00012B97F /* Info.plist */,
			);
			path = "WatchLandmarks WatchKit App";
			sourceTree = "<group>";
		};
		C0195CE823E3C5E10012B97F /* WatchLandmarks WatchKit Extension */ = {
			isa = PBXGroup;
			children = (
				C0195CE923E3C5E10012B97F /* ContentView.swift */,
				C0195CEB23E3C5E10012B97F /* HostingController.swift */,
				C0195CED23E3C5E10012B97F /* ExtensionDelegate.swift */,
				C0195CEF23E3C5E10012B97F /* NotificationController.swift */,
				C0195CF123E3C5E10012B97F /* NotificationView.swift */,
				C0195CF323E3C5E10012B97F /* ComplicationController.swift */,
				C0195CF523E3C5E10012B97F /* Assets.xcassets */,
				C0195CFA23E3C5E10012B97F /* Info.plist */,
				C0195CFB23E3C5E10012B97F /* PushNotificationPayload.apns */,
				C0195CF723E3C5E10012B97F /* Preview Content */,
			);
			path = "WatchLandmarks WatchKit Extension";
			sourceTree = "<group>";
		};
		C0195CF723E3C5E10012B97F /* Preview Content */ = {
			isa = PBXGroup;
			children = (
				C0195CF823E3C5E10012B97F /* Preview Assets.xcassets */,
			);
			path = "Preview Content";
			sourceTree = "<group>";
		};
		C0195D1223E3C6120012B97F /* WatchLandmarksChild */ = {
			isa = PBXGroup;
			children = (
				C0195D1323E3C6120012B97F /* Interface.storyboard */,
				C0195D1623E3C6120012B97F /* Assets.xcassets */,
				C0195D1823E3C6120012B97F /* Info.plist */,
			);
			path = WatchLandmarksChild;
			sourceTree = "<group>";
		};
		C0195D2123E3C6120012B97F /* WatchLandmarksChild Extension */ = {
			isa = PBXGroup;
			children = (
				C0195D2223E3C6120012B97F /* ContentView.swift */,
				C0195D2423E3C6120012B97F /* HostingController.swift */,
				C0195D2623E3C6120012B97F /* ExtensionDelegate.swift */,
				C0195D2823E3C6120012B97F /* NotificationController.swift */,
				C0195D2A23E3C6120012B97F /* NotificationView.swift */,
				C0195D2C23E3C6130012B97F /* Assets.xcassets */,
				C0195D3123E3C6130012B97F /* Info.plist */,
				C0195D3223E3C6130012B97F /* PushNotificationPayload.apns */,
				C0195D2E23E3C6130012B97F /* Preview Content */,
			);
			path = "WatchLandmarksChild Extension";
			sourceTree = "<group>";
		};
		C0195D2E23E3C6130012B97F /* Preview Content */ = {
			isa = PBXGroup;
			children = (
				C0195D2F23E3C6130012B97F /* Preview Assets.xcassets */,
			);
			path = "Preview Content";
			sourceTree = "<group>";
		};
/* End PBXGroup section */

/* Begin PBXNativeTarget section */
		C0195CAA23E3C5DF0012B97F /* WatchLandmarks */ = {
			isa = PBXNativeTarget;
			buildConfigurationList = C0195D0623E3C5E10012B97F /* Build configuration list for PBXNativeTarget "WatchLandmarks" */;
			buildPhases = (
				C0195CA723E3C5DF0012B97F /* Sources */,
				C0195CA823E3C5DF0012B97F /* Frameworks */,
				C0195CA923E3C5DF0012B97F /* Resources */,
				C0195D0523E3C5E10012B97F /* Embed Watch Content */,
			);
			buildRules = (
			);
			dependencies = (
				C0195CD823E3C5E00012B97F /* PBXTargetDependency */,
				C0195D3423E3C6130012B97F /* PBXTargetDependency */,
			);
			name = WatchLandmarks;
			productName = WatchLandmarks;
			productReference = C0195CAB23E3C5DF0012B97F /* WatchLandmarks.app */;
			productType = "com.apple.product-type.application";
		};
		C0195CC023E3C5E00012B97F /* WatchLandmarksTests */ = {
			isa = PBXNativeTarget;
			buildConfigurationList = C0195D0923E3C5E10012B97F /* Build configuration list for PBXNativeTarget "WatchLandmarksTests" */;
			buildPhases = (
				C0195CBD23E3C5E00012B97F /* Sources */,
				C0195CBE23E3C5E00012B97F /* Frameworks */,
				C0195CBF23E3C5E00012B97F /* Resources */,
			);
			buildRules = (
			);
			dependencies = (
				C0195CC323E3C5E00012B97F /* PBXTargetDependency */,
			);
			name = WatchLandmarksTests;
			productName = WatchLandmarksTests;
			productReference = C0195CC123E3C5E00012B97F /* WatchLandmarksTests.xctest */;
			productType = "com.apple.product-type.bundle.unit-test";
		};
		C0195CCB23E3C5E00012B97F /* WatchLandmarksUITests */ = {
			isa = PBXNativeTarget;
			buildConfigurationList = C0195D0C23E3C5E10012B97F /* Build configuration list for PBXNativeTarget "WatchLandmarksUITests" */;
			buildPhases = (
				C0195CC823E3C5E00012B97F /* Sources */,
				C0195CC923E3C5E00012B97F /* Frameworks */,
				C0195CCA23E3C5E00012B97F /* Resources */,
			);
			buildRules = (
			);
			dependencies = (
				C0195CCE23E3C5E00012B97F /* PBXTargetDependency */,
			);
			name = WatchLandmarksUITests;
			productName = WatchLandmarksUITests;
			productReference = C0195CCC23E3C5E00012B97F /* WatchLandmarksUITests.xctest */;
			productType = "com.apple.product-type.bundle.ui-testing";
		};
		C0195CD423E3C5E00012B97F /* WatchLandmarks WatchKit App */ = {
			isa = PBXNativeTarget;
			buildConfigurationList = C0195D0223E3C5E10012B97F /* Build configuration list for PBXNativeTarget "WatchLandmarks WatchKit App" */;
			buildPhases = (
				C0195CD323E3C5E00012B97F /* Resources */,
				C0195D0123E3C5E10012B97F /* Embed App Extensions */,
			);
			buildRules = (
			);
			dependencies = (
				C0195CE723E3C5E10012B97F /* PBXTargetDependency */,
			);
			name = "WatchLandmarks WatchKit App";
			productName = "WatchLandmarks WatchKit App";
			productReference = C0195CD523E3C5E00012B97F /* WatchLandmarks WatchKit App.app */;
			productType = "com.apple.product-type.application.watchapp2";
		};
		C0195CE323E3C5E10012B97F /* WatchLandmarks WatchKit Extension */ = {
			isa = PBXNativeTarget;
			buildConfigurationList = C0195CFE23E3C5E10012B97F /* Build configuration list for PBXNativeTarget "WatchLandmarks WatchKit Extension" */;
			buildPhases = (
				C0195CE023E3C5E10012B97F /* Sources */,
				C0195CE123E3C5E10012B97F /* Frameworks */,
				C0195CE223E3C5E10012B97F /* Resources */,
			);
			buildRules = (
			);
			dependencies = (
			);
			name = "WatchLandmarks WatchKit Extension";
			productName = "WatchLandmarks WatchKit Extension";
			productReference = C0195CE423E3C5E10012B97F /* WatchLandmarks WatchKit Extension.appex */;
			productType = "com.apple.product-type.watchkit2-extension";
		};
		C0195D1023E3C6120012B97F /* WatchLandmarksChild */ = {
			isa = PBXNativeTarget;
			buildConfigurationList = C0195D3A23E3C6130012B97F /* Build configuration list for PBXNativeTarget "WatchLandmarksChild" */;
			buildPhases = (
				C0195D0F23E3C6120012B97F /* Resources */,
				C0195D3923E3C6130012B97F /* Embed App Extensions */,
			);
			buildRules = (
			);
			dependencies = (
				C0195D2023E3C6120012B97F /* PBXTargetDependency */,
			);
			name = WatchLandmarksChild;
			productName = WatchLandmarksChild;
			productReference = C0195D1123E3C6120012B97F /* WatchLandmarksChild.app */;
			productType = "com.apple.product-type.application.watchapp2";
		};
		C0195D1C23E3C6120012B97F /* WatchLandmarksChild Extension */ = {
			isa = PBXNativeTarget;
			buildConfigurationList = C0195D3623E3C6130012B97F /* Build configuration list for PBXNativeTarget "WatchLandmarksChild Extension" */;
			buildPhases = (
				C0195D1923E3C6120012B97F /* Sources */,
				C0195D1A23E3C6120012B97F /* Frameworks */,
				C0195D1B23E3C6120012B97F /* Resources */,
			);
			buildRules = (
			);
			dependencies = (
			);
			name = "WatchLandmarksChild Extension";
			productName = "WatchLandmarksChild Extension";
			productReference = C0195D1D23E3C6120012B97F /* WatchLandmarksChild Extension.appex */;
			productType = "com.apple.product-type.watchkit2-extension";
		};
/* End PBXNativeTarget section */

/* Begin PBXProject section */
		C0195CA323E3C5DF0012B97F /* Project object */ = {
			isa = PBXProject;
			attributes = {
				LastSwiftUpdateCheck = 1130;
				LastUpgradeCheck = 1130;
				ORGANIZATIONNAME = "Aishwarya Krishnan";
				TargetAttributes = {
					C0195CAA23E3C5DF0012B97F = {
						CreatedOnToolsVersion = 11.3.1;
					};
					C0195CC023E3C5E00012B97F = {
						CreatedOnToolsVersion = 11.3.1;
						TestTargetID = C0195CAA23E3C5DF0012B97F;
					};
					C0195CCB23E3C5E00012B97F = {
						CreatedOnToolsVersion = 11.3.1;
						TestTargetID = C0195CAA23E3C5DF0012B97F;
					};
					C0195CD423E3C5E00012B97F = {
						CreatedOnToolsVersion = 11.3.1;
					};
					C0195CE323E3C5E10012B97F = {
						CreatedOnToolsVersion = 11.3.1;
					};
					C0195D1023E3C6120012B97F = {
						CreatedOnToolsVersion = 11.3.1;
					};
					C0195D1C23E3C6120012B97F = {
						CreatedOnToolsVersion = 11.3.1;
					};
				};
			};
			buildConfigurationList = C0195CA623E3C5DF0012B97F /* Build configuration list for PBXProject "WatchLandmarks" */;
			compatibilityVersion = "Xcode 9.3";
			developmentRegion = en;
			hasScannedForEncodings = 0;
			knownRegions = (
				en,
				Base,
			);
			mainGroup = C0195CA223E3C5DF0012B97F;
			productRefGroup = C0195CAC23E3C5DF0012B97F /* Products */;
			projectDirPath = "";
			projectRoot = "";
			targets = (
				C0195CAA23E3C5DF0012B97F /* WatchLandmarks */,
				C0195CC023E3C5E00012B97F /* WatchLandmarksTests */,
				C0195CCB23E3C5E00012B97F /* WatchLandmarksUITests */,
				C0195CD423E3C5E00012B97F /* WatchLandmarks WatchKit App */,
				C0195CE323E3C5E10012B97F /* WatchLandmarks WatchKit Extension */,
				C0195D1023E3C6120012B97F /* WatchLandmarksChild */,
				C0195D1C23E3C6120012B97F /* WatchLandmarksChild Extension */,
			);
		};
/* End PBXProject section */

/* Begin PBXResourcesBuildPhase section */
		C0195CA923E3C5DF0012B97F /* Resources */ = {
			isa = PBXResourcesBuildPhase;
			buildActionMask = 2147483647;
			files = (
				C0195CBB23E3C5E00012B97F /* LaunchScreen.storyboard in Resources */,
				C0195CB823E3C5E00012B97F /* Preview Assets.xcassets in Resources */,
				C0195CB523E3C5E00012B97F /* Assets.xcassets in Resources */,
			);
			runOnlyForDeploymentPostprocessing = 0;
		};
		C0195CBF23E3C5E00012B97F /* Resources */ = {
			isa = PBXResourcesBuildPhase;
			buildActionMask = 2147483647;
			files = (
			);
			runOnlyForDeploymentPostprocessing = 0;
		};
		C0195CCA23E3C5E00012B97F /* Resources */ = {
			isa = PBXResourcesBuildPhase;
			buildActionMask = 2147483647;
			files = (
			);
			runOnlyForDeploymentPostprocessing = 0;
		};
		C0195CD323E3C5E00012B97F /* Resources */ = {
			isa = PBXResourcesBuildPhase;
			buildActionMask = 2147483647;
			files = (
				C0195CDE23E3C5E00012B97F /* Assets.xcassets in Resources */,
				C0195CDC23E3C5E00012B97F /* Interface.storyboard in Resources */,
			);
			runOnlyForDeploymentPostprocessing = 0;
		};
		C0195CE223E3C5E10012B97F /* Resources */ = {
			isa = PBXResourcesBuildPhase;
			buildActionMask = 2147483647;
			files = (
				C0195CF923E3C5E10012B97F /* Preview Assets.xcassets in Resources */,
				C0195CF623E3C5E10012B97F /* Assets.xcassets in Resources */,
			);
			runOnlyForDeploymentPostprocessing = 0;
		};
		C0195D0F23E3C6120012B97F /* Resources */ = {
			isa = PBXResourcesBuildPhase;
			buildActionMask = 2147483647;
			files = (
				C0195D1723E3C6120012B97F /* Assets.xcassets in Resources */,
				C0195D1523E3C6120012B97F /* Interface.storyboard in Resources */,
			);
			runOnlyForDeploymentPostprocessing = 0;
		};
		C0195D1B23E3C6120012B97F /* Resources */ = {
			isa = PBXResourcesBuildPhase;
			buildActionMask = 2147483647;
			files = (
				C0195D3023E3C6130012B97F /* Preview Assets.xcassets in Resources */,
				C0195D2D23E3C6130012B97F /* Assets.xcassets in Resources */,
			);
			runOnlyForDeploymentPostprocessing = 0;
		};
/* End PBXResourcesBuildPhase section */

/* Begin PBXSourcesBuildPhase section */
		C0195CA723E3C5DF0012B97F /* Sources */ = {
			isa = PBXSourcesBuildPhase;
			buildActionMask = 2147483647;
			files = (
				C0195CAF23E3C5DF0012B97F /* AppDelegate.swift in Sources */,
				C0195CB123E3C5DF0012B97F /* SceneDelegate.swift in Sources */,
				C0195CB323E3C5DF0012B97F /* ContentView.swift in Sources */,
			);
			runOnlyForDeploymentPostprocessing = 0;
		};
		C0195CBD23E3C5E00012B97F /* Sources */ = {
			isa = PBXSourcesBuildPhase;
			buildActionMask = 2147483647;
			files = (
				C0195CC623E3C5E00012B97F /* WatchLandmarksTests.swift in Sources */,
			);
			runOnlyForDeploymentPostprocessing = 0;
		};
		C0195CC823E3C5E00012B97F /* Sources */ = {
			isa = PBXSourcesBuildPhase;
			buildActionMask = 2147483647;
			files = (
				C0195CD123E3C5E00012B97F /* WatchLandmarksUITests.swift in Sources */,
			);
			runOnlyForDeploymentPostprocessing = 0;
		};
		C0195CE023E3C5E10012B97F /* Sources */ = {
			isa = PBXSourcesBuildPhase;
			buildActionMask = 2147483647;
			files = (
				C0195CEC23E3C5E10012B97F /* HostingController.swift in Sources */,
				C0195CEA23E3C5E10012B97F /* ContentView.swift in Sources */,
				C0195CF023E3C5E10012B97F /* NotificationController.swift in Sources */,
				C0195CEE23E3C5E10012B97F /* ExtensionDelegate.swift in Sources */,
				C0195CF223E3C5E10012B97F /* NotificationView.swift in Sources */,
				C0195CF423E3C5E10012B97F /* ComplicationController.swift in Sources */,
			);
			runOnlyForDeploymentPostprocessing = 0;
		};
		C0195D1923E3C6120012B97F /* Sources */ = {
			isa = PBXSourcesBuildPhase;
			buildActionMask = 2147483647;
			files = (
				C0195D2523E3C6120012B97F /* HostingController.swift in Sources */,
				C0195D2323E3C6120012B97F /* ContentView.swift in Sources */,
				C0195D2923E3C6120012B97F /* NotificationController.swift in Sources */,
				C0195D2723E3C6120012B97F /* ExtensionDelegate.swift in Sources */,
				C0195D2B23E3C6120012B97F /* NotificationView.swift in Sources */,
			);
			runOnlyForDeploymentPostprocessing = 0;
		};
/* End PBXSourcesBuildPhase section */

/* Begin PBXTargetDependency section */
		C0195CC323E3C5E00012B97F /* PBXTargetDependency */ = {
			isa = PBXTargetDependency;
			target = C0195CAA23E3C5DF0012B97F /* WatchLandmarks */;
			targetProxy = C0195CC223E3C5E00012B97F /* PBXContainerItemProxy */;
		};
		C0195CCE23E3C5E00012B97F /* PBXTargetDependency */ = {
			isa = PBXTargetDependency;
			target = C0195CAA23E3C5DF0012B97F /* WatchLandmarks */;
			targetProxy = C0195CCD23E3C5E00012B97F /* PBXContainerItemProxy */;
		};
		C0195CD823E3C5E00012B97F /* PBXTargetDependency */ = {
			isa = PBXTargetDependency;
			target = C0195CD423E3C5E00012B97F /* WatchLandmarks WatchKit App */;
			targetProxy = C0195CD723E3C5E00012B97F /* PBXContainerItemProxy */;
		};
		C0195CE723E3C5E10012B97F /* PBXTargetDependency */ = {
			isa = PBXTargetDependency;
			target = C0195CE323E3C5E10012B97F /* WatchLandmarks WatchKit Extension */;
			targetProxy = C0195CE623E3C5E10012B97F /* PBXContainerItemProxy */;
		};
		C0195D2023E3C6120012B97F /* PBXTargetDependency */ = {
			isa = PBXTargetDependency;
			target = C0195D1C23E3C6120012B97F /* WatchLandmarksChild Extension */;
			targetProxy = C0195D1F23E3C6120012B97F /* PBXContainerItemProxy */;
		};
		C0195D3423E3C6130012B97F /* PBXTargetDependency */ = {
			isa = PBXTargetDependency;
			target = C0195D1023E3C6120012B97F /* WatchLandmarksChild */;
			targetProxy = C0195D3323E3C6130012B97F /* PBXContainerItemProxy */;
		};
/* End PBXTargetDependency section */

/* Begin PBXVariantGroup section */
		C0195CB923E3C5E00012B97F /* LaunchScreen.storyboard */ = {
			isa = PBXVariantGroup;
			children = (
				C0195CBA23E3C5E00012B97F /* Base */,
			);
			name = LaunchScreen.storyboard;
			sourceTree = "<group>";
		};
		C0195CDA23E3C5E00012B97F /* Interface.storyboard */ = {
			isa = PBXVariantGroup;
			children = (
				C0195CDB23E3C5E00012B97F /* Base */,
			);
			name = Interface.storyboard;
			sourceTree = "<group>";
		};
		C0195D1323E3C6120012B97F /* Interface.storyboard */ = {
			isa = PBXVariantGroup;
			children = (
				C0195D1423E3C6120012B97F /* Base */,
			);
			name = Interface.storyboard;
			sourceTree = "<group>";
		};
/* End PBXVariantGroup section */

/* Begin XCBuildConfiguration section */
		C0195CFC23E3C5E10012B97F /* Debug */ = {
			isa = XCBuildConfiguration;
			buildSettings = {
				ALWAYS_SEARCH_USER_PATHS = NO;
				CLANG_ANALYZER_NONNULL = YES;
				CLANG_ANALYZER_NUMBER_OBJECT_CONVERSION = YES_AGGRESSIVE;
				CLANG_CXX_LANGUAGE_STANDARD = "gnu++14";
				CLANG_CXX_LIBRARY = "libc++";
				CLANG_ENABLE_MODULES = YES;
				CLANG_ENABLE_OBJC_ARC = YES;
				CLANG_ENABLE_OBJC_WEAK = YES;
				CLANG_WARN_BLOCK_CAPTURE_AUTORELEASING = YES;
				CLANG_WARN_BOOL_CONVERSION = YES;
				CLANG_WARN_COMMA = YES;
				CLANG_WARN_CONSTANT_CONVERSION = YES;
				CLANG_WARN_DEPRECATED_OBJC_IMPLEMENTATIONS = YES;
				CLANG_WARN_DIRECT_OBJC_ISA_USAGE = YES_ERROR;
				CLANG_WARN_DOCUMENTATION_COMMENTS = YES;
				CLANG_WARN_EMPTY_BODY = YES;
				CLANG_WARN_ENUM_CONVERSION = YES;
				CLANG_WARN_INFINITE_RECURSION = YES;
				CLANG_WARN_INT_CONVERSION = YES;
				CLANG_WARN_NON_LITERAL_NULL_CONVERSION = YES;
				CLANG_WARN_OBJC_IMPLICIT_RETAIN_SELF = YES;
				CLANG_WARN_OBJC_LITERAL_CONVERSION = YES;
				CLANG_WARN_OBJC_ROOT_CLASS = YES_ERROR;
				CLANG_WARN_RANGE_LOOP_ANALYSIS = YES;
				CLANG_WARN_STRICT_PROTOTYPES = YES;
				CLANG_WARN_SUSPICIOUS_MOVE = YES;
				CLANG_WARN_UNGUARDED_AVAILABILITY = YES_AGGRESSIVE;
				CLANG_WARN_UNREACHABLE_CODE = YES;
				CLANG_WARN__DUPLICATE_METHOD_MATCH = YES;
				COPY_PHASE_STRIP = NO;
				DEBUG_INFORMATION_FORMAT = dwarf;
				ENABLE_STRICT_OBJC_MSGSEND = YES;
				ENABLE_TESTABILITY = YES;
				GCC_C_LANGUAGE_STANDARD = gnu11;
				GCC_DYNAMIC_NO_PIC = NO;
				GCC_NO_COMMON_BLOCKS = YES;
				GCC_OPTIMIZATION_LEVEL = 0;
				GCC_PREPROCESSOR_DEFINITIONS = (
					"DEBUG=1",
					"$(inherited)",
				);
				GCC_WARN_64_TO_32_BIT_CONVERSION = YES;
				GCC_WARN_ABOUT_RETURN_TYPE = YES_ERROR;
				GCC_WARN_UNDECLARED_SELECTOR = YES;
				GCC_WARN_UNINITIALIZED_AUTOS = YES_AGGRESSIVE;
				GCC_WARN_UNUSED_FUNCTION = YES;
				GCC_WARN_UNUSED_VARIABLE = YES;
				IPHONEOS_DEPLOYMENT_TARGET = 13.2;
				MTL_ENABLE_DEBUG_INFO = INCLUDE_SOURCE;
				MTL_FAST_MATH = YES;
				ONLY_ACTIVE_ARCH = YES;
				SDKROOT = iphoneos;
				SWIFT_ACTIVE_COMPILATION_CONDITIONS = DEBUG;
				SWIFT_OPTIMIZATION_LEVEL = "-Onone";
			};
			name = Debug;
		};
		C0195CFD23E3C5E10012B97F /* Release */ = {
			isa = XCBuildConfiguration;
			buildSettings = {
				ALWAYS_SEARCH_USER_PATHS = NO;
				CLANG_ANALYZER_NONNULL = YES;
				CLANG_ANALYZER_NUMBER_OBJECT_CONVERSION = YES_AGGRESSIVE;
				CLANG_CXX_LANGUAGE_STANDARD = "gnu++14";
				CLANG_CXX_LIBRARY = "libc++";
				CLANG_ENABLE_MODULES = YES;
				CLANG_ENABLE_OBJC_ARC = YES;
				CLANG_ENABLE_OBJC_WEAK = YES;
				CLANG_WARN_BLOCK_CAPTURE_AUTORELEASING = YES;
				CLANG_WARN_BOOL_CONVERSION = YES;
				CLANG_WARN_COMMA = YES;
				CLANG_WARN_CONSTANT_CONVERSION = YES;
				CLANG_WARN_DEPRECATED_OBJC_IMPLEMENTATIONS = YES;
				CLANG_WARN_DIRECT_OBJC_ISA_USAGE = YES_ERROR;
				CLANG_WARN_DOCUMENTATION_COMMENTS = YES;
				CLANG_WARN_EMPTY_BODY = YES;
				CLANG_WARN_ENUM_CONVERSION = YES;
				CLANG_WARN_INFINITE_RECURSION = YES;
				CLANG_WARN_INT_CONVERSION = YES;
				CLANG_WARN_NON_LITERAL_NULL_CONVERSION = YES;
				CLANG_WARN_OBJC_IMPLICIT_RETAIN_SELF = YES;
				CLANG_WARN_OBJC_LITERAL_CONVERSION = YES;
				CLANG_WARN_OBJC_ROOT_CLASS = YES_ERROR;
				CLANG_WARN_RANGE_LOOP_ANALYSIS = YES;
				CLANG_WARN_STRICT_PROTOTYPES = YES;
				CLANG_WARN_SUSPICIOUS_MOVE = YES;
				CLANG_WARN_UNGUARDED_AVAILABILITY = YES_AGGRESSIVE;
				CLANG_WARN_UNREACHABLE_CODE = YES;
				CLANG_WARN__DUPLICATE_METHOD_MATCH = YES;
				COPY_PHASE_STRIP = NO;
				DEBUG_INFORMATION_FORMAT = "dwarf-with-dsym";
				ENABLE_NS_ASSERTIONS = NO;
				ENABLE_STRICT_OBJC_MSGSEND = YES;
				GCC_C_LANGUAGE_STANDARD = gnu11;
				GCC_NO_COMMON_BLOCKS = YES;
				GCC_WARN_64_TO_32_BIT_CONVERSION = YES;
				GCC_WARN_ABOUT_RETURN_TYPE = YES_ERROR;
				GCC_WARN_UNDECLARED_SELECTOR = YES;
				GCC_WARN_UNINITIALIZED_AUTOS = YES_AGGRESSIVE;
				GCC_WARN_UNUSED_FUNCTION = YES;
				GCC_WARN_UNUSED_VARIABLE = YES;
				IPHONEOS_DEPLOYMENT_TARGET = 13.2;
				MTL_ENABLE_DEBUG_INFO = NO;
				MTL_FAST_MATH = YES;
				SDKROOT = iphoneos;
				SWIFT_COMPILATION_MODE = wholemodule;
				SWIFT_OPTIMIZATION_LEVEL = "-O";
				VALIDATE_PRODUCT = YES;
			};
			name = Release;
		};
		C0195CFF23E3C5E10012B97F /* Debug */ = {
			isa = XCBuildConfiguration;
			buildSettings = {
				ASSETCATALOG_COMPILER_COMPLICATION_NAME = Complication;
				CODE_SIGN_STYLE = Automatic;
				DEVELOPMENT_ASSET_PATHS = "\"WatchLandmarks WatchKit Extension/Preview Content\"";
				ENABLE_PREVIEWS = YES;
				INFOPLIST_FILE = "WatchLandmarks WatchKit Extension/Info.plist";
				LD_RUNPATH_SEARCH_PATHS = (
					"$(inherited)",
					"@executable_path/Frameworks",
					"@executable_path/../../Frameworks",
				);
				PRODUCT_BUNDLE_IDENTIFIER = com.examplewatchapp.WatchLandmarks.watchkitapp.watchkitextension;
				PRODUCT_NAME = "${TARGET_NAME}";
				SDKROOT = watchos;
				SKIP_INSTALL = YES;
				SWIFT_VERSION = 5.0;
				TARGETED_DEVICE_FAMILY = 4;
				WATCHOS_DEPLOYMENT_TARGET = 6.1;
			};
			name = Debug;
		};
		C0195D0023E3C5E10012B97F /* Release */ = {
			isa = XCBuildConfiguration;
			buildSettings = {
				ASSETCATALOG_COMPILER_COMPLICATION_NAME = Complication;
				CODE_SIGN_STYLE = Automatic;
				DEVELOPMENT_ASSET_PATHS = "\"WatchLandmarks WatchKit Extension/Preview Content\"";
				ENABLE_PREVIEWS = YES;
				INFOPLIST_FILE = "WatchLandmarks WatchKit Extension/Info.plist";
				LD_RUNPATH_SEARCH_PATHS = (
					"$(inherited)",
					"@executable_path/Frameworks",
					"@executable_path/../../Frameworks",
				);
				PRODUCT_BUNDLE_IDENTIFIER = com.examplewatchapp.WatchLandmarks.watchkitapp.watchkitextension;
				PRODUCT_NAME = "${TARGET_NAME}";
				SDKROOT = watchos;
				SKIP_INSTALL = YES;
				SWIFT_VERSION = 5.0;
				TARGETED_DEVICE_FAMILY = 4;
				WATCHOS_DEPLOYMENT_TARGET = 6.1;
			};
			name = Release;
		};
		C0195D0323E3C5E10012B97F /* Debug */ = {
			isa = XCBuildConfiguration;
			buildSettings = {
				ALWAYS_EMBED_SWIFT_STANDARD_LIBRARIES = YES;
				ASSETCATALOG_COMPILER_APPICON_NAME = AppIcon;
				CODE_SIGN_STYLE = Automatic;
				IBSC_MODULE = WatchLandmarks_WatchKit_Extension;
				INFOPLIST_FILE = "WatchLandmarks WatchKit App/Info.plist";
				PRODUCT_BUNDLE_IDENTIFIER = com.examplewatchapp.WatchLandmarks.watchkitapp;
				PRODUCT_NAME = "$(TARGET_NAME)";
				SDKROOT = watchos;
				SKIP_INSTALL = YES;
				SWIFT_VERSION = 5.0;
				TARGETED_DEVICE_FAMILY = 4;
				WATCHOS_DEPLOYMENT_TARGET = 6.1;
			};
			name = Debug;
		};
		C0195D0423E3C5E10012B97F /* Release */ = {
			isa = XCBuildConfiguration;
			buildSettings = {
				ALWAYS_EMBED_SWIFT_STANDARD_LIBRARIES = YES;
				ASSETCATALOG_COMPILER_APPICON_NAME = AppIcon;
				CODE_SIGN_STYLE = Automatic;
				IBSC_MODULE = WatchLandmarks_WatchKit_Extension;
				INFOPLIST_FILE = "WatchLandmarks WatchKit App/Info.plist";
				PRODUCT_BUNDLE_IDENTIFIER = com.examplewatchapp.WatchLandmarks.watchkitapp;
				PRODUCT_NAME = "$(TARGET_NAME)";
				SDKROOT = watchos;
				SKIP_INSTALL = YES;
				SWIFT_VERSION = 5.0;
				TARGETED_DEVICE_FAMILY = 4;
				WATCHOS_DEPLOYMENT_TARGET = 6.1;
			};
			name = Release;
		};
		C0195D0723E3C5E10012B97F /* Debug */ = {
			isa = XCBuildConfiguration;
			buildSettings = {
				ASSETCATALOG_COMPILER_APPICON_NAME = AppIcon;
				CODE_SIGN_STYLE = Automatic;
				DEVELOPMENT_ASSET_PATHS = "\"WatchLandmarks/Preview Content\"";
				ENABLE_PREVIEWS = YES;
				INFOPLIST_FILE = WatchLandmarks/Info.plist;
				LD_RUNPATH_SEARCH_PATHS = (
					"$(inherited)",
					"@executable_path/Frameworks",
				);
				PRODUCT_BUNDLE_IDENTIFIER = com.examplewatchapp.WatchLandmarks;
				PRODUCT_NAME = "$(TARGET_NAME)";
				SWIFT_VERSION = 5.0;
				TARGETED_DEVICE_FAMILY = "1,2";
			};
			name = Debug;
		};
		C0195D0823E3C5E10012B97F /* Release */ = {
			isa = XCBuildConfiguration;
			buildSettings = {
				ASSETCATALOG_COMPILER_APPICON_NAME = AppIcon;
				CODE_SIGN_STYLE = Automatic;
				DEVELOPMENT_ASSET_PATHS = "\"WatchLandmarks/Preview Content\"";
				ENABLE_PREVIEWS = YES;
				INFOPLIST_FILE = WatchLandmarks/Info.plist;
				LD_RUNPATH_SEARCH_PATHS = (
					"$(inherited)",
					"@executable_path/Frameworks",
				);
				PRODUCT_BUNDLE_IDENTIFIER = com.examplewatchapp.WatchLandmarks;
				PRODUCT_NAME = "$(TARGET_NAME)";
				SWIFT_VERSION = 5.0;
				TARGETED_DEVICE_FAMILY = "1,2";
			};
			name = Release;
		};
		C0195D0A23E3C5E10012B97F /* Debug */ = {
			isa = XCBuildConfiguration;
			buildSettings = {
				ALWAYS_EMBED_SWIFT_STANDARD_LIBRARIES = YES;
				BUNDLE_LOADER = "$(TEST_HOST)";
				CODE_SIGN_STYLE = Automatic;
				INFOPLIST_FILE = WatchLandmarksTests/Info.plist;
				IPHONEOS_DEPLOYMENT_TARGET = 13.2;
				LD_RUNPATH_SEARCH_PATHS = (
					"$(inherited)",
					"@executable_path/Frameworks",
					"@loader_path/Frameworks",
				);
				PRODUCT_BUNDLE_IDENTIFIER = com.examplewatchapp.WatchLandmarksTests;
				PRODUCT_NAME = "$(TARGET_NAME)";
				SWIFT_VERSION = 5.0;
				TARGETED_DEVICE_FAMILY = "1,2";
				TEST_HOST = "$(BUILT_PRODUCTS_DIR)/WatchLandmarks.app/WatchLandmarks";
			};
			name = Debug;
		};
		C0195D0B23E3C5E10012B97F /* Release */ = {
			isa = XCBuildConfiguration;
			buildSettings = {
				ALWAYS_EMBED_SWIFT_STANDARD_LIBRARIES = YES;
				BUNDLE_LOADER = "$(TEST_HOST)";
				CODE_SIGN_STYLE = Automatic;
				INFOPLIST_FILE = WatchLandmarksTests/Info.plist;
				IPHONEOS_DEPLOYMENT_TARGET = 13.2;
				LD_RUNPATH_SEARCH_PATHS = (
					"$(inherited)",
					"@executable_path/Frameworks",
					"@loader_path/Frameworks",
				);
				PRODUCT_BUNDLE_IDENTIFIER = com.examplewatchapp.WatchLandmarksTests;
				PRODUCT_NAME = "$(TARGET_NAME)";
				SWIFT_VERSION = 5.0;
				TARGETED_DEVICE_FAMILY = "1,2";
				TEST_HOST = "$(BUILT_PRODUCTS_DIR)/WatchLandmarks.app/WatchLandmarks";
			};
			name = Release;
		};
		C0195D0D23E3C5E10012B97F /* Debug */ = {
			isa = XCBuildConfiguration;
			buildSettings = {
				ALWAYS_EMBED_SWIFT_STANDARD_LIBRARIES = YES;
				CODE_SIGN_STYLE = Automatic;
				INFOPLIST_FILE = WatchLandmarksUITests/Info.plist;
				LD_RUNPATH_SEARCH_PATHS = (
					"$(inherited)",
					"@executable_path/Frameworks",
					"@loader_path/Frameworks",
				);
				PRODUCT_BUNDLE_IDENTIFIER = com.examplewatchapp.WatchLandmarksUITests;
				PRODUCT_NAME = "$(TARGET_NAME)";
				SWIFT_VERSION = 5.0;
				TARGETED_DEVICE_FAMILY = "1,2";
				TEST_TARGET_NAME = WatchLandmarks;
			};
			name = Debug;
		};
		C0195D0E23E3C5E10012B97F /* Release */ = {
			isa = XCBuildConfiguration;
			buildSettings = {
				ALWAYS_EMBED_SWIFT_STANDARD_LIBRARIES = YES;
				CODE_SIGN_STYLE = Automatic;
				INFOPLIST_FILE = WatchLandmarksUITests/Info.plist;
				LD_RUNPATH_SEARCH_PATHS = (
					"$(inherited)",
					"@executable_path/Frameworks",
					"@loader_path/Frameworks",
				);
				PRODUCT_BUNDLE_IDENTIFIER = com.examplewatchapp.WatchLandmarksUITests;
				PRODUCT_NAME = "$(TARGET_NAME)";
				SWIFT_VERSION = 5.0;
				TARGETED_DEVICE_FAMILY = "1,2";
				TEST_TARGET_NAME = WatchLandmarks;
			};
			name = Release;
		};
		C0195D3723E3C6130012B97F /* Debug */ = {
			isa = XCBuildConfiguration;
			buildSettings = {
				ASSETCATALOG_COMPILER_COMPLICATION_NAME = Complication;
				CODE_SIGN_STYLE = Automatic;
				DEVELOPMENT_ASSET_PATHS = "\"WatchLandmarksChild Extension/Preview Content\"";
				ENABLE_PREVIEWS = YES;
				INFOPLIST_FILE = "WatchLandmarksChild Extension/Info.plist";
				LD_RUNPATH_SEARCH_PATHS = (
					"$(inherited)",
					"@executable_path/Frameworks",
					"@executable_path/../../Frameworks",
				);
				PRODUCT_BUNDLE_IDENTIFIER = com.examplewatchapp.WatchLandmarks.watchkitapp.watchkitextension;
				PRODUCT_NAME = "${TARGET_NAME}";
				SDKROOT = watchos;
				SKIP_INSTALL = YES;
				SWIFT_VERSION = 5.0;
				TARGETED_DEVICE_FAMILY = 4;
				WATCHOS_DEPLOYMENT_TARGET = 6.1;
			};
			name = Debug;
		};
		C0195D3823E3C6130012B97F /* Release */ = {
			isa = XCBuildConfiguration;
			buildSettings = {
				ASSETCATALOG_COMPILER_COMPLICATION_NAME = Complication;
				CODE_SIGN_STYLE = Automatic;
				DEVELOPMENT_ASSET_PATHS = "\"WatchLandmarksChild Extension/Preview Content\"";
				ENABLE_PREVIEWS = YES;
				INFOPLIST_FILE = "WatchLandmarksChild Extension/Info.plist";
				LD_RUNPATH_SEARCH_PATHS = (
					"$(inherited)",
					"@executable_path/Frameworks",
					"@executable_path/../../Frameworks",
				);
				PRODUCT_BUNDLE_IDENTIFIER = com.examplewatchapp.WatchLandmarks.watchkitapp.watchkitextension;
				PRODUCT_NAME = "${TARGET_NAME}";
				SDKROOT = watchos;
				SKIP_INSTALL = YES;
				SWIFT_VERSION = 5.0;
				TARGETED_DEVICE_FAMILY = 4;
				WATCHOS_DEPLOYMENT_TARGET = 6.1;
			};
			name = Release;
		};
		C0195D3B23E3C6130012B97F /* Debug */ = {
			isa = XCBuildConfiguration;
			buildSettings = {
				ALWAYS_EMBED_SWIFT_STANDARD_LIBRARIES = YES;
				ASSETCATALOG_COMPILER_APPICON_NAME = AppIcon;
				CODE_SIGN_STYLE = Automatic;
				IBSC_MODULE = WatchLandmarksChild_Extension;
				INFOPLIST_FILE = WatchLandmarksChild/Info.plist;
				PRODUCT_BUNDLE_IDENTIFIER = com.examplewatchapp.WatchLandmarks.watchkitapp;
				PRODUCT_NAME = "$(TARGET_NAME)";
				SDKROOT = watchos;
				SKIP_INSTALL = YES;
				SWIFT_VERSION = 5.0;
				TARGETED_DEVICE_FAMILY = 4;
				WATCHOS_DEPLOYMENT_TARGET = 6.1;
			};
			name = Debug;
		};
		C0195D3C23E3C6130012B97F /* Release */ = {
			isa = XCBuildConfiguration;
			buildSettings = {
				ALWAYS_EMBED_SWIFT_STANDARD_LIBRARIES = YES;
				ASSETCATALOG_COMPILER_APPICON_NAME = AppIcon;
				CODE_SIGN_STYLE = Automatic;
				IBSC_MODULE = WatchLandmarksChild_Extension;
				INFOPLIST_FILE = WatchLandmarksChild/Info.plist;
				PRODUCT_BUNDLE_IDENTIFIER = com.examplewatchapp.WatchLandmarks.watchkitapp;
				PRODUCT_NAME = "$(TARGET_NAME)";
				SDKROOT = watchos;
				SKIP_INSTALL = YES;
				SWIFT_VERSION = 5.0;
				TARGETED_DEVICE_FAMILY = 4;
				WATCHOS_DEPLOYMENT_TARGET = 6.1;
			};
			name = Release;
		};
/* End XCBuildConfiguration section */

/* Begin XCConfigurationList section */
		C0195CA623E3C5DF0012B97F /* Build configuration list for PBXProject "WatchLandmarks" */ = {
			isa = XCConfigurationList;
			buildConfigurations = (
				C0195CFC23E3C5E10012B97F /* Debug */,
				C0195CFD23E3C5E10012B97F /* Release */,
			);
			defaultConfigurationIsVisible = 0;
			defaultConfigurationName = Release;
		};
		C0195CFE23E3C5E10012B97F /* Build configuration list for PBXNativeTarget "WatchLandmarks WatchKit Extension" */ = {
			isa = XCConfigurationList;
			buildConfigurations = (
				C0195CFF23E3C5E10012B97F /* Debug */,
				C0195D0023E3C5E10012B97F /* Release */,
			);
			defaultConfigurationIsVisible = 0;
			defaultConfigurationName = Release;
		};
		C0195D0223E3C5E10012B97F /* Build configuration list for PBXNativeTarget "WatchLandmarks WatchKit App" */ = {
			isa = XCConfigurationList;
			buildConfigurations = (
				C0195D0323E3C5E10012B97F /* Debug */,
				C0195D0423E3C5E10012B97F /* Release */,
			);
			defaultConfigurationIsVisible = 0;
			defaultConfigurationName = Release;
		};
		C0195D0623E3C5E10012B97F /* Build configuration list for PBXNativeTarget "WatchLandmarks" */ = {
			isa = XCConfigurationList;
			buildConfigurations = (
				C0195D0723E3C5E10012B97F /* Debug */,
				C0195D0823E3C5E10012B97F /* Release */,
			);
			defaultConfigurationIsVisible = 0;
			defaultConfigurationName = Release;
		};
		C0195D0923E3C5E10012B97F /* Build configuration list for PBXNativeTarget "WatchLandmarksTests" */ = {
			isa = XCConfigurationList;
			buildConfigurations = (
				C0195D0A23E3C5E10012B97F /* Debug */,
				C0195D0B23E3C5E10012B97F /* Release */,
			);
			defaultConfigurationIsVisible = 0;
			defaultConfigurationName = Release;
		};
		C0195D0C23E3C5E10012B97F /* Build configuration list for PBXNativeTarget "WatchLandmarksUITests" */ = {
			isa = XCConfigurationList;
			buildConfigurations = (
				C0195D0D23E3C5E10012B97F /* Debug */,
				C0195D0E23E3C5E10012B97F /* Release */,
			);
			defaultConfigurationIsVisible = 0;
			defaultConfigurationName = Release;
		};
		C0195D3623E3C6130012B97F /* Build configuration list for PBXNativeTarget "WatchLandmarksChild Extension" */ = {
			isa = XCConfigurationList;
			buildConfigurations = (
				C0195D3723E3C6130012B97F /* Debug */,
				C0195D3823E3C6130012B97F /* Release */,
			);
			defaultConfigurationIsVisible = 0;
			defaultConfigurationName = Release;
		};
		C0195D3A23E3C6130012B97F /* Build configuration list for PBXNativeTarget "WatchLandmarksChild" */ = {
			isa = XCConfigurationList;
			buildConfigurations = (
				C0195D3B23E3C6130012B97F /* Debug */,
				C0195D3C23E3C6130012B97F /* Release */,
			);
			defaultConfigurationIsVisible = 0;
			defaultConfigurationName = Release;
		};
/* End XCConfigurationList section */
	};
	rootObject = C0195CA323E3C5DF0012B97F /* Project object */;
}
